
Microsoft Visual Studio Solution File, Format Version 12.00
# Visual Studio Version 17
VisualStudioVersion = 17.5.33414.496
MinimumVisualStudioVersion = 10.0.40219.1
Project("{FAE04EC0-301F-11D3-BF4B-00C04F79EFBC}") = "max", "max.csproj", "{F59F3E06-8FD1-475C-B061-A31337119276}"
EndProject
Global
	GlobalSection(SolutionConfigurationPlatforms) = preSolution
		Debug|Any CPU = Debug|Any CPU
		Release|Any CPU = Release|Any CPU
	EndGlobalSection
	GlobalSection(ProjectConfigurationPlatforms) = postSolution
		{F59F3E06-8FD1-475C-B061-A31337119276}.Debug|Any CPU.ActiveCfg = Debug|Any CPU
		{F59F3E06-8FD1-475C-B061-A31337119276}.Debug|Any CPU.Build.0 = Debug|Any CPU
		{F59F3E06-8FD1-475C-B061-A31337119276}.Release|Any CPU.ActiveCfg = Release|Any CPU
		{F59F3E06-8FD1-475C-B061-A31337119276}.Release|Any CPU.Build.0 = Release|Any CPU
	EndGlobalSection
	GlobalSection(SolutionProperties) = preSolution
		HideSolutionNode = FALSE
	EndGlobalSection
	GlobalSection(ExtensibilityGlobals) = postSolution
		SolutionGuid = {7D88C502-DFE1-4291-84F3-926ADC616875}
	EndGlobalSection
EndGlobal
