
Microsoft Visual Studio Solution File, Format Version 12.00
# Visual Studio Version 17
VisualStudioVersion = 17.5.33414.496
MinimumVisualStudioVersion = 10.0.40219.1
Project("{FAE04EC0-301F-11D3-BF4B-00C04F79EFBC}") = "BasicCal", "BasicCal.csproj", "{5F58BE67-A97C-47B8-858B-AA7575108333}"
EndProject
Global
	GlobalSection(SolutionConfigurationPlatforms) = preSolution
		Debug|Any CPU = Debug|Any CPU
		Release|Any CPU = Release|Any CPU
	EndGlobalSection
	GlobalSection(ProjectConfigurationPlatforms) = postSolution
		{5F58BE67-A97C-47B8-858B-AA7575108333}.Debug|Any CPU.ActiveCfg = Debug|Any CPU
		{5F58BE67-A97C-47B8-858B-AA7575108333}.Debug|Any CPU.Build.0 = Debug|Any CPU
		{5F58BE67-A97C-47B8-858B-AA7575108333}.Release|Any CPU.ActiveCfg = Release|Any CPU
		{5F58BE67-A97C-47B8-858B-AA7575108333}.Release|Any CPU.Build.0 = Release|Any CPU
	EndGlobalSection
	GlobalSection(SolutionProperties) = preSolution
		HideSolutionNode = FALSE
	EndGlobalSection
	GlobalSection(ExtensibilityGlobals) = postSolution
		SolutionGuid = {CB034FDF-E86D-4FE4-A192-FE6E453861C5}
	EndGlobalSection
EndGlobal
